
Microsoft Visual Studio Solution File, Format Version 12.00
# Visual Studio 2013
VisualStudioVersion = 12.0.30324.0
MinimumVisualStudioVersion = 10.0.40219.1
Project("{FAE04EC0-301F-11D3-BF4B-00C04F79EFBC}") = "QRCode", "QRCode\QRCode.csproj", "{652DA748-F0AF-42BA-9794-831293351567}"
EndProject
Global
	GlobalSection(SolutionConfigurationPlatforms) = preSolution
		Debug|x86 = Debug|x86
		Release|x86 = Release|x86
	EndGlobalSection
	GlobalSection(ProjectConfigurationPlatforms) = postSolution
		{652DA748-F0AF-42BA-9794-831293351567}.Debug|x86.ActiveCfg = Debug|x86
		{652DA748-F0AF-42BA-9794-831293351567}.Debug|x86.Build.0 = Debug|x86
		{652DA748-F0AF-42BA-9794-831293351567}.Release|x86.ActiveCfg = Release|x86
		{652DA748-F0AF-42BA-9794-831293351567}.Release|x86.Build.0 = Release|x86
	EndGlobalSection
	GlobalSection(SolutionProperties) = preSolution
		HideSolutionNode = FALSE
	EndGlobalSection
	GlobalSection(MonoDevelopProperties) = preSolution
		StartupItem = QRCode\QRCode.csproj
	EndGlobalSection
EndGlobal
